{
  "version": 4,
  "terraform_version": "1.14.3",
  "serial": 42,
  "lineage": "ea19fb46-6f8d-540e-75a7-e18ee6538d31",
  "outputs": {
    "easy_apply_production_url": {
      "value": "https://easy-apply-site.vercel.app",
      "type": "string"
    },
    "easy_apply_project_name": {
      "value": "easy-apply-site",
      "type": "string"
    },
    "mongodb_connection_string": {
      "value": "mongodb+srv://hr-app.mvndyei.mongodb.net",
      "type": "string",
      "sensitive": true
    }
  },
  "resources": [
    {
      "mode": "data",
      "type": "mongodbatlas_cluster",
      "name": "hr_db",
      "provider": "provider[\"registry.terraform.io/mongodb/mongodbatlas\"]",
      "instances": [
        {
          "schema_version": 0,
          "attributes": {
            "advanced_configuration": [
              {
                "change_stream_options_pre_and_post_images_expire_after_seconds": -1,
                "custom_openssl_cipher_config_tls12": [],
                "default_max_time_ms": 0,
                "default_read_concern": "",
                "default_write_concern": "",
                "fail_index_key_too_long": false,
                "javascript_enabled": true,
                "minimum_enabled_tls_protocol": "TLS1_2",
                "no_table_scan": false,
                "oplog_min_retention_hours": 0,
                "oplog_size_mb": 0,
                "sample_refresh_interval_bi_connector": 0,
                "sample_size_bi_connector": 0,
                "tls_cipher_config_mode": "DEFAULT",
                "transaction_lifetime_limit_seconds": 0
              }
            ],
            "auto_scaling_compute_enabled": false,
            "auto_scaling_compute_scale_down_enabled": false,
            "auto_scaling_disk_gb_enabled": false,
            "backing_provider_name": "AWS",
            "backup_enabled": false,
            "bi_connector_config": [
              {
                "enabled": false,
                "read_preference": "secondary"
              }
            ],
            "cluster_type": "REPLICASET",
            "connection_strings": [
              {
                "aws_private_link": {},
                "aws_private_link_srv": {},
                "private": "",
                "private_endpoint": [],
                "private_srv": "",
                "standard": "mongodb://ac-6flyv5o-shard-00-00.mvndyei.mongodb.net:27017,ac-6flyv5o-shard-00-01.mvndyei.mongodb.net:27017,ac-6flyv5o-shard-00-02.mvndyei.mongodb.net:27017/?ssl=true\u0026authSource=admin\u0026replicaSet=atlas-zh4h5k-shard-0",
                "standard_srv": "mongodb+srv://hr-app.mvndyei.mongodb.net"
              }
            ],
            "container_id": null,
            "disk_size_gb": 0.5,
            "encryption_at_rest_provider": "NONE",
            "id": "694066d925373543604af4b7",
            "labels": [],
            "mongo_db_major_version": "8.0",
            "mongo_db_version": "8.0.17",
            "mongo_uri": "mongodb://ac-6flyv5o-shard-00-00.mvndyei.mongodb.net:27017,ac-6flyv5o-shard-00-01.mvndyei.mongodb.net:27017,ac-6flyv5o-shard-00-02.mvndyei.mongodb.net:27017",
            "mongo_uri_updated": "2025-12-15T19:52:01Z",
            "mongo_uri_with_options": "mongodb://ac-6flyv5o-shard-00-00.mvndyei.mongodb.net:27017,ac-6flyv5o-shard-00-01.mvndyei.mongodb.net:27017,ac-6flyv5o-shard-00-02.mvndyei.mongodb.net:27017/?ssl=true\u0026authSource=admin\u0026replicaSet=atlas-zh4h5k-shard-0",
            "name": "HR-APP",
            "num_shards": 1,
            "paused": false,
            "pinned_fcv": [],
            "pit_enabled": false,
            "project_id": "6940600525373543602ff2ac",
            "provider_auto_scaling_compute_max_instance_size": "",
            "provider_auto_scaling_compute_min_instance_size": "",
            "provider_backup_enabled": false,
            "provider_disk_iops": null,
            "provider_disk_type_name": "",
            "provider_encrypt_ebs_volume": null,
            "provider_encrypt_ebs_volume_flag": null,
            "provider_instance_size_name": "M0",
            "provider_name": "TENANT",
            "provider_region_name": "US_WEST_2",
            "provider_volume_type": "",
            "redact_client_log_data": false,
            "replication_factor": 3,
            "replication_specs": [
              {
                "id": "694066d925373543604af3dc",
                "num_shards": 1,
                "regions_config": [
                  {
                    "analytics_nodes": 0,
                    "electable_nodes": 3,
                    "priority": 7,
                    "read_only_nodes": 0,
                    "region_name": "US_WEST_2"
                  }
                ],
                "zone_name": "Zone 1"
              }
            ],
            "snapshot_backup_policy": [],
            "srv_address": "mongodb+srv://hr-app.mvndyei.mongodb.net",
            "state_name": "IDLE",
            "tags": [],
            "termination_protection_enabled": false,
            "version_release_system": "LTS"
          },
          "sensitive_attributes": [],
          "identity_schema_version": 0
        }
      ]
    },
    {
      "mode": "managed",
      "type": "mongodbatlas_database_user",
      "name": "db_user",
      "provider": "provider[\"registry.terraform.io/mongodb/mongodbatlas\"]",
      "instances": [
        {
          "schema_version": 0,
          "attributes": {
            "auth_database_name": "admin",
            "aws_iam_type": "NONE",
            "description": null,
            "id": "YXV0aF9kYXRhYmFzZV9uYW1l:YWRtaW4=-cHJvamVjdF9pZA==:Njk0MDYwMDUyNTM3MzU0MzYwMmZmMmFj-dXNlcm5hbWU=:YXBwLXVzZXI=",
            "labels": [],
            "ldap_auth_type": "NONE",
            "oidc_auth_type": "NONE",
            "password": "secure-password-CHANGE-ME",
            "project_id": "6940600525373543602ff2ac",
            "roles": [
              {
                "collection_name": null,
                "database_name": "hrapp",
                "role_name": "readWrite"
              }
            ],
            "scopes": [],
            "username": "app-user",
            "x509_type": "NONE"
          },
          "sensitive_attributes": [
            [
              {
                "type": "get_attr",
                "value": "password"
              }
            ]
          ],
          "identity_schema_version": 0
        }
      ]
    },
    {
      "mode": "managed",
      "type": "mongodbatlas_project_ip_access_list",
      "name": "allow_all",
      "provider": "provider[\"registry.terraform.io/mongodb/mongodbatlas\"]",
      "instances": [
        {
          "schema_version": 0,
          "attributes": {
            "aws_security_group": "",
            "cidr_block": "0.0.0.0/0",
            "comment": "Allow Vercel access",
            "id": "ZW50cnk=:MC4wLjAuMC8w-cHJvamVjdF9pZA==:Njk0MDYwMDUyNTM3MzU0MzYwMmZmMmFj",
            "ip_address": "",
            "project_id": "6940600525373543602ff2ac",
            "timeouts": null
          },
          "sensitive_attributes": [],
          "identity_schema_version": 0
        }
      ]
    },
    {
      "mode": "managed",
      "type": "vercel_project",
      "name": "easy_apply",
      "provider": "provider[\"registry.terraform.io/vercel/vercel\"]",
      "instances": [
        {
          "schema_version": 0,
          "attributes": {
            "auto_assign_custom_domains": true,
            "automatically_expose_system_environment_variables": true,
            "build_command": null,
            "customer_success_code_visibility": false,
            "dev_command": null,
            "directory_listing": false,
            "environment": null,
            "framework": "nextjs",
            "function_failover": false,
            "git_comments": null,
            "git_fork_protection": true,
            "git_lfs": false,
            "git_repository": {
              "deploy_hooks": null,
              "production_branch": "main",
              "repo": "Ferasman979/EasyApply-Site",
              "type": "github"
            },
            "id": "prj_bXKdYldtdu8ARNMEqWO4bCENG0rQ",
            "ignore_command": null,
            "install_command": null,
            "name": "easy-apply-site",
            "oidc_token_config": {
              "enabled": false
            },
            "options_allowlist": null,
            "output_directory": null,
            "password_protection": null,
            "preview_comments": null,
            "prioritise_production_builds": true,
            "protection_bypass_for_automation": null,
            "protection_bypass_for_automation_secret": null,
            "public_source": null,
            "resource_config": {
              "function_default_cpu_type": null,
              "function_default_timeout": null
            },
            "root_directory": null,
            "serverless_function_region": "iad1",
            "skew_protection": null,
            "team_id": null,
            "trusted_ips": null,
            "vercel_authentication": {
              "deployment_type": "standard_protection"
            }
          },
          "sensitive_attributes": [],
          "identity_schema_version": 0
        }
      ]
    },
    {
      "mode": "managed",
      "type": "vercel_project_environment_variable",
      "name": "mongodb_uri",
      "provider": "provider[\"registry.terraform.io/vercel/vercel\"]",
      "instances": [
        {
          "schema_version": 0,
          "attributes": {
            "git_branch": null,
            "id": "0UkRZ7GpwanJ3H2n",
            "key": "MONGODB_URI",
            "project_id": "prj_bXKdYldtdu8ARNMEqWO4bCENG0rQ",
            "sensitive": false,
            "target": [
              "development",
              "preview",
              "production"
            ],
            "team_id": null,
            "value": "mongodb+srv://vercel-admin:SecurePassword123!@hr-app.mvndyei.mongodb.net"
          },
          "sensitive_attributes": [
            [
              {
                "type": "get_attr",
                "value": "value"
              }
            ]
          ],
          "identity_schema_version": 0,
          "dependencies": [
            "data.mongodbatlas_cluster.hr_db",
            "vercel_project.easy_apply"
          ]
        }
      ]
    },
    {
      "mode": "managed",
      "type": "vercel_project_environment_variable",
      "name": "nextauth_secret",
      "provider": "provider[\"registry.terraform.io/vercel/vercel\"]",
      "instances": [
        {
          "schema_version": 0,
          "attributes": {
            "git_branch": null,
            "id": "LEXI7wm4rzJTbHRQ",
            "key": "NEXTAUTH_SECRET",
            "project_id": "prj_bXKdYldtdu8ARNMEqWO4bCENG0rQ",
            "sensitive": false,
            "target": [
              "development",
              "preview",
              "production"
            ],
            "team_id": null,
            "value": "supersecretkey"
          },
          "sensitive_attributes": [
            [
              {
                "type": "get_attr",
                "value": "value"
              }
            ]
          ],
          "identity_schema_version": 0,
          "dependencies": [
            "vercel_project.easy_apply"
          ]
        }
      ]
    },
    {
      "mode": "managed",
      "type": "vercel_project_environment_variable",
      "name": "nextauth_url",
      "provider": "provider[\"registry.terraform.io/vercel/vercel\"]",
      "instances": [
        {
          "schema_version": 0,
          "attributes": {
            "git_branch": null,
            "id": "muzdkAeZhf7rCWw2",
            "key": "NEXTAUTH_URL",
            "project_id": "prj_bXKdYldtdu8ARNMEqWO4bCENG0rQ",
            "sensitive": false,
            "target": [
              "development",
              "preview",
              "production"
            ],
            "team_id": null,
            "value": "https://easy-apply-site.vercel.app"
          },
          "sensitive_attributes": [
            [
              {
                "type": "get_attr",
                "value": "value"
              }
            ]
          ],
          "identity_schema_version": 0,
          "dependencies": [
            "vercel_project.easy_apply"
          ]
        }
      ]
    }
  ],
  "check_results": null
}
